{
    "_meta": {
        "hash": {
            "sha256": "a76d97120646895397427731194a26b6245e0d030e51dde93c6441a1330e8ccc"
        },
        "pipfile-spec": 6,
        "requires": {
            "python_version": "3.11"
        },
        "sources": [
            {
                "name": "pypi",
                "url": "https://pypi.org/simple",
                "verify_ssl": true
            }
        ]
    },
    "default": {},
    "develop": {}
}
